
Microsoft Visual Studio Solution File, Format Version 12.00
# Visual Studio Version 16
VisualStudioVersion = 16.0.30804.86
MinimumVisualStudioVersion = 10.0.40219.1
Project("{FAE04EC0-301F-11D3-BF4B-00C04F79EFBC}") = "Game", "CampIntro.Game\Game.csproj", "{F57CF935-A1A7-4367-9453-8048169DDC87}"
EndProject
Global
	GlobalSection(SolutionConfigurationPlatforms) = preSolution
		Debug|Any CPU = Debug|Any CPU
		Release|Any CPU = Release|Any CPU
	EndGlobalSection
	GlobalSection(ProjectConfigurationPlatforms) = postSolution
		{F57CF935-A1A7-4367-9453-8048169DDC87}.Debug|Any CPU.ActiveCfg = Debug|Any CPU
		{F57CF935-A1A7-4367-9453-8048169DDC87}.Debug|Any CPU.Build.0 = Debug|Any CPU
		{F57CF935-A1A7-4367-9453-8048169DDC87}.Release|Any CPU.ActiveCfg = Release|Any CPU
		{F57CF935-A1A7-4367-9453-8048169DDC87}.Release|Any CPU.Build.0 = Release|Any CPU
	EndGlobalSection
	GlobalSection(SolutionProperties) = preSolution
		HideSolutionNode = FALSE
	EndGlobalSection
	GlobalSection(ExtensibilityGlobals) = postSolution
		SolutionGuid = {DAE618ED-C90F-428D-9064-0A407C1B20E3}
	EndGlobalSection
EndGlobal
